
Microsoft Visual Studio Solution File, Format Version 12.00
# Visual Studio 15
VisualStudioVersion = 15.0.26430.12
MinimumVisualStudioVersion = 10.0.40219.1
Project("{FAE04EC0-301F-11D3-BF4B-00C04F79EFBC}") = "Chapter4Tests", "Chapter4Tests\Chapter4Tests.csproj", "{26CE92E2-622D-4CA9-ABC9-524ED7C7553B}"
EndProject
Project("{2150E333-8FDC-42A3-9474-1A3956D46DE8}") = "Chapter 4", "Chapter 4", "{DFE683FE-057E-4C30-86DD-D206B9473CC8}"
EndProject
Project("{FAE04EC0-301F-11D3-BF4B-00C04F79EFBC}") = "Chapter4Exercises", "Chapter4Exercises\Chapter4Exercises.csproj", "{041EA20E-2218-40E8-85D4-AF0A1517592F}"
EndProject
Global
	GlobalSection(SolutionConfigurationPlatforms) = preSolution
		Debug|Any CPU = Debug|Any CPU
		Release|Any CPU = Release|Any CPU
	EndGlobalSection
	GlobalSection(ProjectConfigurationPlatforms) = postSolution
		{26CE92E2-622D-4CA9-ABC9-524ED7C7553B}.Debug|Any CPU.ActiveCfg = Debug|Any CPU
		{26CE92E2-622D-4CA9-ABC9-524ED7C7553B}.Debug|Any CPU.Build.0 = Debug|Any CPU
		{26CE92E2-622D-4CA9-ABC9-524ED7C7553B}.Release|Any CPU.ActiveCfg = Release|Any CPU
		{26CE92E2-622D-4CA9-ABC9-524ED7C7553B}.Release|Any CPU.Build.0 = Release|Any CPU
		{041EA20E-2218-40E8-85D4-AF0A1517592F}.Debug|Any CPU.ActiveCfg = Debug|Any CPU
		{041EA20E-2218-40E8-85D4-AF0A1517592F}.Debug|Any CPU.Build.0 = Debug|Any CPU
		{041EA20E-2218-40E8-85D4-AF0A1517592F}.Release|Any CPU.ActiveCfg = Release|Any CPU
		{041EA20E-2218-40E8-85D4-AF0A1517592F}.Release|Any CPU.Build.0 = Release|Any CPU
	EndGlobalSection
	GlobalSection(SolutionProperties) = preSolution
		HideSolutionNode = FALSE
	EndGlobalSection
	GlobalSection(NestedProjects) = preSolution
		{26CE92E2-622D-4CA9-ABC9-524ED7C7553B} = {DFE683FE-057E-4C30-86DD-D206B9473CC8}
		{041EA20E-2218-40E8-85D4-AF0A1517592F} = {DFE683FE-057E-4C30-86DD-D206B9473CC8}
	EndGlobalSection
EndGlobal
